
Microsoft Visual Studio Solution File, Format Version 12.00
# Visual Studio 15
VisualStudioVersion = 15.0.28307.106
MinimumVisualStudioVersion = 10.0.40219.1
Project("{FAE04EC0-301F-11D3-BF4B-00C04F79EFBC}") = "RecursiveFileZip", "RecursiveFileZip\RecursiveFileZip.csproj", "{FC14FCFE-6BA4-478A-B7EF-A89E893B3A6C}"
EndProject
Global
	GlobalSection(SolutionConfigurationPlatforms) = preSolution
		Debug|Any CPU = Debug|Any CPU
		Release|Any CPU = Release|Any CPU
	EndGlobalSection
	GlobalSection(ProjectConfigurationPlatforms) = postSolution
		{FC14FCFE-6BA4-478A-B7EF-A89E893B3A6C}.Debug|Any CPU.ActiveCfg = Debug|Any CPU
		{FC14FCFE-6BA4-478A-B7EF-A89E893B3A6C}.Debug|Any CPU.Build.0 = Debug|Any CPU
		{FC14FCFE-6BA4-478A-B7EF-A89E893B3A6C}.Release|Any CPU.ActiveCfg = Release|Any CPU
		{FC14FCFE-6BA4-478A-B7EF-A89E893B3A6C}.Release|Any CPU.Build.0 = Release|Any CPU
	EndGlobalSection
	GlobalSection(SolutionProperties) = preSolution
		HideSolutionNode = FALSE
	EndGlobalSection
	GlobalSection(ExtensibilityGlobals) = postSolution
		SolutionGuid = {B81F2A26-3D2E-4E6F-95FE-B81876B270FA}
	EndGlobalSection
EndGlobal
